// !$*UTF8*$!
{
	archiveVersion = 1;
	classes = {
	};
	objectVersion = 56;
	objects = {

/* Begin PBXBuildFile section */
		5FD3714B2B29D80E00A13D96 /* ShimmerLoadingApp.swift in Sources */ = {isa = PBXBuildFile; fileRef = 5FD3714A2B29D80E00A13D96 /* ShimmerLoadingApp.swift */; };
		5FD3714D2B29D80E00A13D96 /* ContentView.swift in Sources */ = {isa = PBXBuildFile; fileRef = 5FD3714C2B29D80E00A13D96 /* ContentView.swift */; };
		5FD3714F2B29D80F00A13D96 /* Assets.xcassets in Resources */ = {isa = PBXBuildFile; fileRef = 5FD3714E2B29D80F00A13D96 /* Assets.xcassets */; };
		5FD371522B29D80F00A13D96 /* Preview Assets.xcassets in Resources */ = {isa = PBXBuildFile; fileRef = 5FD371512B29D80F00A13D96 /* Preview Assets.xcassets */; };
		5FD371592B29D82300A13D96 /* View+Shimmer.swift in Sources */ = {isa = PBXBuildFile; fileRef = 5FD371582B29D82300A13D96 /* View+Shimmer.swift */; };
		5FD3715B2B29D83200A13D96 /* ShimmerConfig.swift in Sources */ = {isa = PBXBuildFile; fileRef = 5FD3715A2B29D83200A13D96 /* ShimmerConfig.swift */; };
		5FD3715D2B29D85D00A13D96 /* View+Loading.swift in Sources */ = {isa = PBXBuildFile; fileRef = 5FD3715C2B29D85D00A13D96 /* View+Loading.swift */; };
		5FD3715F2B29D87A00A13D96 /* LinkCell.swift in Sources */ = {isa = PBXBuildFile; fileRef = 5FD3715E2B29D87A00A13D96 /* LinkCell.swift */; };
/* End PBXBuildFile section */

/* Begin PBXFileReference section */
		5FD371472B29D80E00A13D96 /* ShimmerLoading.app */ = {isa = PBXFileReference; explicitFileType = wrapper.application; includeInIndex = 0; path = ShimmerLoading.app; sourceTree = BUILT_PRODUCTS_DIR; };
		5FD3714A2B29D80E00A13D96 /* ShimmerLoadingApp.swift */ = {isa = PBXFileReference; lastKnownFileType = sourcecode.swift; path = ShimmerLoadingApp.swift; sourceTree = "<group>"; };
		5FD3714C2B29D80E00A13D96 /* ContentView.swift */ = {isa = PBXFileReference; lastKnownFileType = sourcecode.swift; path = ContentView.swift; sourceTree = "<group>"; };
		5FD3714E2B29D80F00A13D96 /* Assets.xcassets */ = {isa = PBXFileReference; lastKnownFileType = folder.assetcatalog; path = Assets.xcassets; sourceTree = "<group>"; };
		5FD371512B29D80F00A13D96 /* Preview Assets.xcassets */ = {isa = PBXFileReference; lastKnownFileType = folder.assetcatalog; path = "Preview Assets.xcassets"; sourceTree = "<group>"; };
		5FD371582B29D82300A13D96 /* View+Shimmer.swift */ = {isa = PBXFileReference; lastKnownFileType = sourcecode.swift; path = "View+Shimmer.swift"; sourceTree = "<group>"; };
		5FD3715A2B29D83200A13D96 /* ShimmerConfig.swift */ = {isa = PBXFileReference; lastKnownFileType = sourcecode.swift; path = ShimmerConfig.swift; sourceTree = "<group>"; };
		5FD3715C2B29D85D00A13D96 /* View+Loading.swift */ = {isa = PBXFileReference; lastKnownFileType = sourcecode.swift; path = "View+Loading.swift"; sourceTree = "<group>"; };
		5FD3715E2B29D87A00A13D96 /* LinkCell.swift */ = {isa = PBXFileReference; lastKnownFileType = sourcecode.swift; path = LinkCell.swift; sourceTree = "<group>"; };
/* End PBXFileReference section */

/* Begin PBXFrameworksBuildPhase section */
		5FD371442B29D80E00A13D96 /* Frameworks */ = {
			isa = PBXFrameworksBuildPhase;
			buildActionMask = 2147483647;
			files = (
			);
			runOnlyForDeploymentPostprocessing = 0;
		};
/* End PBXFrameworksBuildPhase section */

/* Begin PBXGroup section */
		5FD3713E2B29D80E00A13D96 = {
			isa = PBXGroup;
			children = (
				5FD371492B29D80E00A13D96 /* ShimmerLoading */,
				5FD371482B29D80E00A13D96 /* Products */,
			);
			sourceTree = "<group>";
		};
		5FD371482B29D80E00A13D96 /* Products */ = {
			isa = PBXGroup;
			children = (
				5FD371472B29D80E00A13D96 /* ShimmerLoading.app */,
			);
			name = Products;
			sourceTree = "<group>";
		};
		5FD371492B29D80E00A13D96 /* ShimmerLoading */ = {
			isa = PBXGroup;
			children = (
				5FD3714A2B29D80E00A13D96 /* ShimmerLoadingApp.swift */,
				5FD3714C2B29D80E00A13D96 /* ContentView.swift */,
				5FD371582B29D82300A13D96 /* View+Shimmer.swift */,
				5FD3715A2B29D83200A13D96 /* ShimmerConfig.swift */,
				5FD3715C2B29D85D00A13D96 /* View+Loading.swift */,
				5FD3715E2B29D87A00A13D96 /* LinkCell.swift */,
				5FD3714E2B29D80F00A13D96 /* Assets.xcassets */,
				5FD371502B29D80F00A13D96 /* Preview Content */,
			);
			path = ShimmerLoading;
			sourceTree = "<group>";
		};
		5FD371502B29D80F00A13D96 /* Preview Content */ = {
			isa = PBXGroup;
			children = (
				5FD371512B29D80F00A13D96 /* Preview Assets.xcassets */,
			);
			path = "Preview Content";
			sourceTree = "<group>";
		};
/* End PBXGroup section */

/* Begin PBXNativeTarget section */
		5FD371462B29D80E00A13D96 /* ShimmerLoading */ = {
			isa = PBXNativeTarget;
			buildConfigurationList = 5FD371552B29D80F00A13D96 /* Build configuration list for PBXNativeTarget "ShimmerLoading" */;
			buildPhases = (
				5FD371432B29D80E00A13D96 /* Sources */,
				5FD371442B29D80E00A13D96 /* Frameworks */,
				5FD371452B29D80E00A13D96 /* Resources */,
			);
			buildRules = (
			);
			dependencies = (
			);
			name = ShimmerLoading;
			productName = ShimmerLoading;
			productReference = 5FD371472B29D80E00A13D96 /* ShimmerLoading.app */;
			productType = "com.apple.product-type.application";
		};
/* End PBXNativeTarget section */

/* Begin PBXProject section */
		5FD3713F2B29D80E00A13D96 /* Project object */ = {
			isa = PBXProject;
			attributes = {
				BuildIndependentTargetsInParallel = 1;
				LastSwiftUpdateCheck = 1500;
				LastUpgradeCheck = 1500;
				TargetAttributes = {
					5FD371462B29D80E00A13D96 = {
						CreatedOnToolsVersion = 15.0;
					};
				};
			};
			buildConfigurationList = 5FD371422B29D80E00A13D96 /* Build configuration list for PBXProject "ShimmerLoading" */;
			compatibilityVersion = "Xcode 14.0";
			developmentRegion = en;
			hasScannedForEncodings = 0;
			knownRegions = (
				en,
				Base,
			);
			mainGroup = 5FD3713E2B29D80E00A13D96;
			productRefGroup = 5FD371482B29D80E00A13D96 /* Products */;
			projectDirPath = "";
			projectRoot = "";
			targets = (
				5FD371462B29D80E00A13D96 /* ShimmerLoading */,
			);
		};
/* End PBXProject section */

/* Begin PBXResourcesBuildPhase section */
		5FD371452B29D80E00A13D96 /* Resources */ = {
			isa = PBXResourcesBuildPhase;
			buildActionMask = 2147483647;
			files = (
				5FD371522B29D80F00A13D96 /* Preview Assets.xcassets in Resources */,
				5FD3714F2B29D80F00A13D96 /* Assets.xcassets in Resources */,
			);
			runOnlyForDeploymentPostprocessing = 0;
		};
/* End PBXResourcesBuildPhase section */

/* Begin PBXSourcesBuildPhase section */
		5FD371432B29D80E00A13D96 /* Sources */ = {
			isa = PBXSourcesBuildPhase;
			buildActionMask = 2147483647;
			files = (
				5FD3714D2B29D80E00A13D96 /* ContentView.swift in Sources */,
				5FD3715B2B29D83200A13D96 /* ShimmerConfig.swift in Sources */,
				5FD3714B2B29D80E00A13D96 /* ShimmerLoadingApp.swift in Sources */,
				5FD371592B29D82300A13D96 /* View+Shimmer.swift in Sources */,
				5FD3715D2B29D85D00A13D96 /* View+Loading.swift in Sources */,
				5FD3715F2B29D87A00A13D96 /* LinkCell.swift in Sources */,
			);
			runOnlyForDeploymentPostprocessing = 0;
		};
/* End PBXSourcesBuildPhase section */

/* Begin XCBuildConfiguration section */
		5FD371532B29D80F00A13D96 /* Debug */ = {
			isa = XCBuildConfiguration;
			buildSettings = {
				ALWAYS_SEARCH_USER_PATHS = NO;
				ASSETCATALOG_COMPILER_GENERATE_SWIFT_ASSET_SYMBOL_EXTENSIONS = YES;
				CLANG_ANALYZER_NONNULL = YES;
				CLANG_ANALYZER_NUMBER_OBJECT_CONVERSION = YES_AGGRESSIVE;
				CLANG_CXX_LANGUAGE_STANDARD = "gnu++20";
				CLANG_ENABLE_MODULES = YES;
				CLANG_ENABLE_OBJC_ARC = YES;
				CLANG_ENABLE_OBJC_WEAK = YES;
				CLANG_WARN_BLOCK_CAPTURE_AUTORELEASING = YES;
				CLANG_WARN_BOOL_CONVERSION = YES;
				CLANG_WARN_COMMA = YES;
				CLANG_WARN_CONSTANT_CONVERSION = YES;
				CLANG_WARN_DEPRECATED_OBJC_IMPLEMENTATIONS = YES;
				CLANG_WARN_DIRECT_OBJC_ISA_USAGE = YES_ERROR;
				CLANG_WARN_DOCUMENTATION_COMMENTS = YES;
				CLANG_WARN_EMPTY_BODY = YES;
				CLANG_WARN_ENUM_CONVERSION = YES;
				CLANG_WARN_INFINITE_RECURSION = YES;
				CLANG_WARN_INT_CONVERSION = YES;
				CLANG_WARN_NON_LITERAL_NULL_CONVERSION = YES;
				CLANG_WARN_OBJC_IMPLICIT_RETAIN_SELF = YES;
				CLANG_WARN_OBJC_LITERAL_CONVERSION = YES;
				CLANG_WARN_OBJC_ROOT_CLASS = YES_ERROR;
				CLANG_WARN_QUOTED_INCLUDE_IN_FRAMEWORK_HEADER = YES;
				CLANG_WARN_RANGE_LOOP_ANALYSIS = YES;
				CLANG_WARN_STRICT_PROTOTYPES = YES;
				CLANG_WARN_SUSPICIOUS_MOVE = YES;
				CLANG_WARN_UNGUARDED_AVAILABILITY = YES_AGGRESSIVE;
				CLANG_WARN_UNREACHABLE_CODE = YES;
				CLANG_WARN__DUPLICATE_METHOD_MATCH = YES;
				COPY_PHASE_STRIP = NO;
				DEBUG_INFORMATION_FORMAT = dwarf;
				ENABLE_STRICT_OBJC_MSGSEND = YES;
				ENABLE_TESTABILITY = YES;
				ENABLE_USER_SCRIPT_SANDBOXING = YES;
				GCC_C_LANGUAGE_STANDARD = gnu17;
				GCC_DYNAMIC_NO_PIC = NO;
				GCC_NO_COMMON_BLOCKS = YES;
				GCC_OPTIMIZATION_LEVEL = 0;
				GCC_PREPROCESSOR_DEFINITIONS = (
					"DEBUG=1",
					"$(inherited)",
				);
				GCC_WARN_64_TO_32_BIT_CONVERSION = YES;
				GCC_WARN_ABOUT_RETURN_TYPE = YES_ERROR;
				GCC_WARN_UNDECLARED_SELECTOR = YES;
				GCC_WARN_UNINITIALIZED_AUTOS = YES_AGGRESSIVE;
				GCC_WARN_UNUSED_FUNCTION = YES;
				GCC_WARN_UNUSED_VARIABLE = YES;
				IPHONEOS_DEPLOYMENT_TARGET = 17.0;
				LOCALIZATION_PREFERS_STRING_CATALOGS = YES;
				MTL_ENABLE_DEBUG_INFO = INCLUDE_SOURCE;
				MTL_FAST_MATH = YES;
				ONLY_ACTIVE_ARCH = YES;
				SDKROOT = iphoneos;
				SWIFT_ACTIVE_COMPILATION_CONDITIONS = "DEBUG $(inherited)";
				SWIFT_OPTIMIZATION_LEVEL = "-Onone";
			};
			name = Debug;
		};
		5FD371542B29D80F00A13D96 /* Release */ = {
			isa = XCBuildConfiguration;
			buildSettings = {
				ALWAYS_SEARCH_USER_PATHS = NO;
				ASSETCATALOG_COMPILER_GENERATE_SWIFT_ASSET_SYMBOL_EXTENSIONS = YES;
				CLANG_ANALYZER_NONNULL = YES;
				CLANG_ANALYZER_NUMBER_OBJECT_CONVERSION = YES_AGGRESSIVE;
				CLANG_CXX_LANGUAGE_STANDARD = "gnu++20";
				CLANG_ENABLE_MODULES = YES;
				CLANG_ENABLE_OBJC_ARC = YES;
				CLANG_ENABLE_OBJC_WEAK = YES;
				CLANG_WARN_BLOCK_CAPTURE_AUTORELEASING = YES;
				CLANG_WARN_BOOL_CONVERSION = YES;
				CLANG_WARN_COMMA = YES;
				CLANG_WARN_CONSTANT_CONVERSION = YES;
				CLANG_WARN_DEPRECATED_OBJC_IMPLEMENTATIONS = YES;
				CLANG_WARN_DIRECT_OBJC_ISA_USAGE = YES_ERROR;
				CLANG_WARN_DOCUMENTATION_COMMENTS = YES;
				CLANG_WARN_EMPTY_BODY = YES;
				CLANG_WARN_ENUM_CONVERSION = YES;
				CLANG_WARN_INFINITE_RECURSION = YES;
				CLANG_WARN_INT_CONVERSION = YES;
				CLANG_WARN_NON_LITERAL_NULL_CONVERSION = YES;
				CLANG_WARN_OBJC_IMPLICIT_RETAIN_SELF = YES;
				CLANG_WARN_OBJC_LITERAL_CONVERSION = YES;
				CLANG_WARN_OBJC_ROOT_CLASS = YES_ERROR;
				CLANG_WARN_QUOTED_INCLUDE_IN_FRAMEWORK_HEADER = YES;
				CLANG_WARN_RANGE_LOOP_ANALYSIS = YES;
				CLANG_WARN_STRICT_PROTOTYPES = YES;
				CLANG_WARN_SUSPICIOUS_MOVE = YES;
				CLANG_WARN_UNGUARDED_AVAILABILITY = YES_AGGRESSIVE;
				CLANG_WARN_UNREACHABLE_CODE = YES;
				CLANG_WARN__DUPLICATE_METHOD_MATCH = YES;
				COPY_PHASE_STRIP = NO;
				DEBUG_INFORMATION_FORMAT = "dwarf-with-dsym";
				ENABLE_NS_ASSERTIONS = NO;
				ENABLE_STRICT_OBJC_MSGSEND = YES;
				ENABLE_USER_SCRIPT_SANDBOXING = YES;
				GCC_C_LANGUAGE_STANDARD = gnu17;
				GCC_NO_COMMON_BLOCKS = YES;
				GCC_WARN_64_TO_32_BIT_CONVERSION = YES;
				GCC_WARN_ABOUT_RETURN_TYPE = YES_ERROR;
				GCC_WARN_UNDECLARED_SELECTOR = YES;
				GCC_WARN_UNINITIALIZED_AUTOS = YES_AGGRESSIVE;
				GCC_WARN_UNUSED_FUNCTION = YES;
				GCC_WARN_UNUSED_VARIABLE = YES;
				IPHONEOS_DEPLOYMENT_TARGET = 17.0;
				LOCALIZATION_PREFERS_STRING_CATALOGS = YES;
				MTL_ENABLE_DEBUG_INFO = NO;
				MTL_FAST_MATH = YES;
				SDKROOT = iphoneos;
				SWIFT_COMPILATION_MODE = wholemodule;
				VALIDATE_PRODUCT = YES;
			};
			name = Release;
		};
		5FD371562B29D80F00A13D96 /* Debug */ = {
			isa = XCBuildConfiguration;
			buildSettings = {
				ASSETCATALOG_COMPILER_APPICON_NAME = AppIcon;
				ASSETCATALOG_COMPILER_GLOBAL_ACCENT_COLOR_NAME = AccentColor;
				CODE_SIGN_STYLE = Automatic;
				CURRENT_PROJECT_VERSION = 1;
				DEVELOPMENT_ASSET_PATHS = "\"ShimmerLoading/Preview Content\"";
				DEVELOPMENT_TEAM = Y73KUL737G;
				ENABLE_PREVIEWS = YES;
				GENERATE_INFOPLIST_FILE = YES;
				INFOPLIST_KEY_UIApplicationSceneManifest_Generation = YES;
				INFOPLIST_KEY_UIApplicationSupportsIndirectInputEvents = YES;
				INFOPLIST_KEY_UILaunchScreen_Generation = YES;
				INFOPLIST_KEY_UISupportedInterfaceOrientations_iPad = "UIInterfaceOrientationPortrait UIInterfaceOrientationPortraitUpsideDown UIInterfaceOrientationLandscapeLeft UIInterfaceOrientationLandscapeRight";
				INFOPLIST_KEY_UISupportedInterfaceOrientations_iPhone = "UIInterfaceOrientationPortrait UIInterfaceOrientationLandscapeLeft UIInterfaceOrientationLandscapeRight";
				LD_RUNPATH_SEARCH_PATHS = (
					"$(inherited)",
					"@executable_path/Frameworks",
				);
				MARKETING_VERSION = 1.0;
				PRODUCT_BUNDLE_IDENTIFIER = "com.puzzle-agency.ShimmerLoading";
				PRODUCT_NAME = "$(TARGET_NAME)";
				SWIFT_EMIT_LOC_STRINGS = YES;
				SWIFT_VERSION = 5.0;
				TARGETED_DEVICE_FAMILY = "1,2";
			};
			name = Debug;
		};
		5FD371572B29D80F00A13D96 /* Release */ = {
			isa = XCBuildConfiguration;
			buildSettings = {
				ASSETCATALOG_COMPILER_APPICON_NAME = AppIcon;
				ASSETCATALOG_COMPILER_GLOBAL_ACCENT_COLOR_NAME = AccentColor;
				CODE_SIGN_STYLE = Automatic;
				CURRENT_PROJECT_VERSION = 1;
				DEVELOPMENT_ASSET_PATHS = "\"ShimmerLoading/Preview Content\"";
				DEVELOPMENT_TEAM = Y73KUL737G;
				ENABLE_PREVIEWS = YES;
				GENERATE_INFOPLIST_FILE = YES;
				INFOPLIST_KEY_UIApplicationSceneManifest_Generation = YES;
				INFOPLIST_KEY_UIApplicationSupportsIndirectInputEvents = YES;
				INFOPLIST_KEY_UILaunchScreen_Generation = YES;
				INFOPLIST_KEY_UISupportedInterfaceOrientations_iPad = "UIInterfaceOrientationPortrait UIInterfaceOrientationPortraitUpsideDown UIInterfaceOrientationLandscapeLeft UIInterfaceOrientationLandscapeRight";
				INFOPLIST_KEY_UISupportedInterfaceOrientations_iPhone = "UIInterfaceOrientationPortrait UIInterfaceOrientationLandscapeLeft UIInterfaceOrientationLandscapeRight";
				LD_RUNPATH_SEARCH_PATHS = (
					"$(inherited)",
					"@executable_path/Frameworks",
				);
				MARKETING_VERSION = 1.0;
				PRODUCT_BUNDLE_IDENTIFIER = "com.puzzle-agency.ShimmerLoading";
				PRODUCT_NAME = "$(TARGET_NAME)";
				SWIFT_EMIT_LOC_STRINGS = YES;
				SWIFT_VERSION = 5.0;
				TARGETED_DEVICE_FAMILY = "1,2";
			};
			name = Release;
		};
/* End XCBuildConfiguration section */

/* Begin XCConfigurationList section */
		5FD371422B29D80E00A13D96 /* Build configuration list for PBXProject "ShimmerLoading" */ = {
			isa = XCConfigurationList;
			buildConfigurations = (
				5FD371532B29D80F00A13D96 /* Debug */,
				5FD371542B29D80F00A13D96 /* Release */,
			);
			defaultConfigurationIsVisible = 0;
			defaultConfigurationName = Release;
		};
		5FD371552B29D80F00A13D96 /* Build configuration list for PBXNativeTarget "ShimmerLoading" */ = {
			isa = XCConfigurationList;
			buildConfigurations = (
				5FD371562B29D80F00A13D96 /* Debug */,
				5FD371572B29D80F00A13D96 /* Release */,
			);
			defaultConfigurationIsVisible = 0;
			defaultConfigurationName = Release;
		};
/* End XCConfigurationList section */
	};
	rootObject = 5FD3713F2B29D80E00A13D96 /* Project object */;
}
